// !$*UTF8*$!
{
	archiveVersion = 1;
	classes = {
	};
	objectVersion = 56;
	objects = {

/* Begin PBXBuildFile section */
		D20BD8332D13FF3100AF4BD3 /* SwiftUI_CookbookApp.swift in Sources */ = {isa = PBXBuildFile; fileRef = D20BD8322D13FF3100AF4BD3 /* SwiftUI_CookbookApp.swift */; };
		D20BD8352D13FF3100AF4BD3 /* ContentView.swift in Sources */ = {isa = PBXBuildFile; fileRef = D20BD8342D13FF3100AF4BD3 /* ContentView.swift */; };
		D20BD8372D13FF3400AF4BD3 /* Assets.xcassets in Resources */ = {isa = PBXBuildFile; fileRef = D20BD8362D13FF3400AF4BD3 /* Assets.xcassets */; };
		D20BD83A2D13FF3400AF4BD3 /* Preview Assets.xcassets in Resources */ = {isa = PBXBuildFile; fileRef = D20BD8392D13FF3400AF4BD3 /* Preview Assets.xcassets */; };
		D20BD8422D14058A00AF4BD3 /* SimpleListView.swift in Sources */ = {isa = PBXBuildFile; fileRef = D20BD8412D14058A00AF4BD3 /* SimpleListView.swift */; };
		D20BD8442D1407FE00AF4BD3 /* AlternateRowStyleListView.swift in Sources */ = {isa = PBXBuildFile; fileRef = D20BD8432D1407FE00AF4BD3 /* AlternateRowStyleListView.swift */; };
		D20BD8462D14099800AF4BD3 /* AddRemoveMoveItemsListView.swift in Sources */ = {isa = PBXBuildFile; fileRef = D20BD8452D14099800AF4BD3 /* AddRemoveMoveItemsListView.swift */; };
		D20BD8482D1410D700AF4BD3 /* RemoveSeparateStyleListView.swift in Sources */ = {isa = PBXBuildFile; fileRef = D20BD8472D1410D700AF4BD3 /* RemoveSeparateStyleListView.swift */; };
		D20BD84A2D14114E00AF4BD3 /* GroupedListView.swift in Sources */ = {isa = PBXBuildFile; fileRef = D20BD8492D14114E00AF4BD3 /* GroupedListView.swift */; };
		D20BD84D2D1581E800AF4BD3 /* ChangeBackgroundColorListView.swift in Sources */ = {isa = PBXBuildFile; fileRef = D20BD84C2D1581E800AF4BD3 /* ChangeBackgroundColorListView.swift */; };
		D20BD84F2D1583BF00AF4BD3 /* PullToRefreshListView.swift in Sources */ = {isa = PBXBuildFile; fileRef = D20BD84E2D1583BF00AF4BD3 /* PullToRefreshListView.swift */; };
		D20BD8512D1584B900AF4BD3 /* SearchAndFilterResultsListView.swift in Sources */ = {isa = PBXBuildFile; fileRef = D20BD8502D1584B900AF4BD3 /* SearchAndFilterResultsListView.swift */; };
		D20BD8532D1587A300AF4BD3 /* ClickableCompleteRowListView.swift in Sources */ = {isa = PBXBuildFile; fileRef = D20BD8522D1587A300AF4BD3 /* ClickableCompleteRowListView.swift */; };
/* End PBXBuildFile section */

/* Begin PBXFileReference section */
		D20BD82F2D13FF3100AF4BD3 /* SwiftUI-Cookbook.app */ = {isa = PBXFileReference; explicitFileType = wrapper.application; includeInIndex = 0; path = "SwiftUI-Cookbook.app"; sourceTree = BUILT_PRODUCTS_DIR; };
		D20BD8322D13FF3100AF4BD3 /* SwiftUI_CookbookApp.swift */ = {isa = PBXFileReference; lastKnownFileType = sourcecode.swift; path = SwiftUI_CookbookApp.swift; sourceTree = "<group>"; };
		D20BD8342D13FF3100AF4BD3 /* ContentView.swift */ = {isa = PBXFileReference; lastKnownFileType = sourcecode.swift; path = ContentView.swift; sourceTree = "<group>"; };
		D20BD8362D13FF3400AF4BD3 /* Assets.xcassets */ = {isa = PBXFileReference; lastKnownFileType = folder.assetcatalog; path = Assets.xcassets; sourceTree = "<group>"; };
		D20BD8392D13FF3400AF4BD3 /* Preview Assets.xcassets */ = {isa = PBXFileReference; lastKnownFileType = folder.assetcatalog; path = "Preview Assets.xcassets"; sourceTree = "<group>"; };
		D20BD8412D14058A00AF4BD3 /* SimpleListView.swift */ = {isa = PBXFileReference; lastKnownFileType = sourcecode.swift; path = SimpleListView.swift; sourceTree = "<group>"; };
		D20BD8432D1407FE00AF4BD3 /* AlternateRowStyleListView.swift */ = {isa = PBXFileReference; lastKnownFileType = sourcecode.swift; path = AlternateRowStyleListView.swift; sourceTree = "<group>"; };
		D20BD8452D14099800AF4BD3 /* AddRemoveMoveItemsListView.swift */ = {isa = PBXFileReference; lastKnownFileType = sourcecode.swift; path = AddRemoveMoveItemsListView.swift; sourceTree = "<group>"; };
		D20BD8472D1410D700AF4BD3 /* RemoveSeparateStyleListView.swift */ = {isa = PBXFileReference; lastKnownFileType = sourcecode.swift; path = RemoveSeparateStyleListView.swift; sourceTree = "<group>"; };
		D20BD8492D14114E00AF4BD3 /* GroupedListView.swift */ = {isa = PBXFileReference; lastKnownFileType = sourcecode.swift; path = GroupedListView.swift; sourceTree = "<group>"; };
		D20BD84C2D1581E800AF4BD3 /* ChangeBackgroundColorListView.swift */ = {isa = PBXFileReference; lastKnownFileType = sourcecode.swift; path = ChangeBackgroundColorListView.swift; sourceTree = "<group>"; };
		D20BD84E2D1583BF00AF4BD3 /* PullToRefreshListView.swift */ = {isa = PBXFileReference; lastKnownFileType = sourcecode.swift; path = PullToRefreshListView.swift; sourceTree = "<group>"; };
		D20BD8502D1584B900AF4BD3 /* SearchAndFilterResultsListView.swift */ = {isa = PBXFileReference; lastKnownFileType = sourcecode.swift; path = SearchAndFilterResultsListView.swift; sourceTree = "<group>"; };
		D20BD8522D1587A300AF4BD3 /* ClickableCompleteRowListView.swift */ = {isa = PBXFileReference; lastKnownFileType = sourcecode.swift; path = ClickableCompleteRowListView.swift; sourceTree = "<group>"; };
/* End PBXFileReference section */

/* Begin PBXFrameworksBuildPhase section */
		D20BD82C2D13FF3100AF4BD3 /* Frameworks */ = {
			isa = PBXFrameworksBuildPhase;
			buildActionMask = 2147483647;
			files = (
			);
			runOnlyForDeploymentPostprocessing = 0;
		};
/* End PBXFrameworksBuildPhase section */

/* Begin PBXGroup section */
		D20BD8262D13FF3100AF4BD3 = {
			isa = PBXGroup;
			children = (
				D20BD8312D13FF3100AF4BD3 /* SwiftUI-Cookbook */,
				D20BD8302D13FF3100AF4BD3 /* Products */,
			);
			sourceTree = "<group>";
		};
		D20BD8302D13FF3100AF4BD3 /* Products */ = {
			isa = PBXGroup;
			children = (
				D20BD82F2D13FF3100AF4BD3 /* SwiftUI-Cookbook.app */,
			);
			name = Products;
			sourceTree = "<group>";
		};
		D20BD8312D13FF3100AF4BD3 /* SwiftUI-Cookbook */ = {
			isa = PBXGroup;
			children = (
				D20BD8402D13FF5200AF4BD3 /* List */,
				D20BD8322D13FF3100AF4BD3 /* SwiftUI_CookbookApp.swift */,
				D20BD8342D13FF3100AF4BD3 /* ContentView.swift */,
				D20BD8362D13FF3400AF4BD3 /* Assets.xcassets */,
				D20BD8382D13FF3400AF4BD3 /* Preview Content */,
			);
			path = "SwiftUI-Cookbook";
			sourceTree = "<group>";
		};
		D20BD8382D13FF3400AF4BD3 /* Preview Content */ = {
			isa = PBXGroup;
			children = (
				D20BD8392D13FF3400AF4BD3 /* Preview Assets.xcassets */,
			);
			path = "Preview Content";
			sourceTree = "<group>";
		};
		D20BD8402D13FF5200AF4BD3 /* List */ = {
			isa = PBXGroup;
			children = (
				D20BD8412D14058A00AF4BD3 /* SimpleListView.swift */,
				D20BD8432D1407FE00AF4BD3 /* AlternateRowStyleListView.swift */,
				D20BD8452D14099800AF4BD3 /* AddRemoveMoveItemsListView.swift */,
				D20BD8472D1410D700AF4BD3 /* RemoveSeparateStyleListView.swift */,
				D20BD8492D14114E00AF4BD3 /* GroupedListView.swift */,
				D20BD84C2D1581E800AF4BD3 /* ChangeBackgroundColorListView.swift */,
				D20BD84E2D1583BF00AF4BD3 /* PullToRefreshListView.swift */,
				D20BD8502D1584B900AF4BD3 /* SearchAndFilterResultsListView.swift */,
				D20BD8522D1587A300AF4BD3 /* ClickableCompleteRowListView.swift */,
			);
			path = List;
			sourceTree = "<group>";
		};
/* End PBXGroup section */

/* Begin PBXNativeTarget section */
		D20BD82E2D13FF3100AF4BD3 /* SwiftUI-Cookbook */ = {
			isa = PBXNativeTarget;
			buildConfigurationList = D20BD83D2D13FF3400AF4BD3 /* Build configuration list for PBXNativeTarget "SwiftUI-Cookbook" */;
			buildPhases = (
				D20BD82B2D13FF3100AF4BD3 /* Sources */,
				D20BD82C2D13FF3100AF4BD3 /* Frameworks */,
				D20BD82D2D13FF3100AF4BD3 /* Resources */,
			);
			buildRules = (
			);
			dependencies = (
			);
			name = "SwiftUI-Cookbook";
			productName = "SwiftUI-Cookbook";
			productReference = D20BD82F2D13FF3100AF4BD3 /* SwiftUI-Cookbook.app */;
			productType = "com.apple.product-type.application";
		};
/* End PBXNativeTarget section */

/* Begin PBXProject section */
		D20BD8272D13FF3100AF4BD3 /* Project object */ = {
			isa = PBXProject;
			attributes = {
				BuildIndependentTargetsInParallel = 1;
				LastSwiftUpdateCheck = 1540;
				LastUpgradeCheck = 1540;
				TargetAttributes = {
					D20BD82E2D13FF3100AF4BD3 = {
						CreatedOnToolsVersion = 15.4;
					};
				};
			};
			buildConfigurationList = D20BD82A2D13FF3100AF4BD3 /* Build configuration list for PBXProject "SwiftUI-Cookbook" */;
			compatibilityVersion = "Xcode 14.0";
			developmentRegion = en;
			hasScannedForEncodings = 0;
			knownRegions = (
				en,
				Base,
			);
			mainGroup = D20BD8262D13FF3100AF4BD3;
			productRefGroup = D20BD8302D13FF3100AF4BD3 /* Products */;
			projectDirPath = "";
			projectRoot = "";
			targets = (
				D20BD82E2D13FF3100AF4BD3 /* SwiftUI-Cookbook */,
			);
		};
/* End PBXProject section */

/* Begin PBXResourcesBuildPhase section */
		D20BD82D2D13FF3100AF4BD3 /* Resources */ = {
			isa = PBXResourcesBuildPhase;
			buildActionMask = 2147483647;
			files = (
				D20BD83A2D13FF3400AF4BD3 /* Preview Assets.xcassets in Resources */,
				D20BD8372D13FF3400AF4BD3 /* Assets.xcassets in Resources */,
			);
			runOnlyForDeploymentPostprocessing = 0;
		};
/* End PBXResourcesBuildPhase section */

/* Begin PBXSourcesBuildPhase section */
		D20BD82B2D13FF3100AF4BD3 /* Sources */ = {
			isa = PBXSourcesBuildPhase;
			buildActionMask = 2147483647;
			files = (
				D20BD8352D13FF3100AF4BD3 /* ContentView.swift in Sources */,
				D20BD8332D13FF3100AF4BD3 /* SwiftUI_CookbookApp.swift in Sources */,
				D20BD8532D1587A300AF4BD3 /* ClickableCompleteRowListView.swift in Sources */,
				D20BD84D2D1581E800AF4BD3 /* ChangeBackgroundColorListView.swift in Sources */,
				D20BD8462D14099800AF4BD3 /* AddRemoveMoveItemsListView.swift in Sources */,
				D20BD8482D1410D700AF4BD3 /* RemoveSeparateStyleListView.swift in Sources */,
				D20BD84A2D14114E00AF4BD3 /* GroupedListView.swift in Sources */,
				D20BD8442D1407FE00AF4BD3 /* AlternateRowStyleListView.swift in Sources */,
				D20BD8512D1584B900AF4BD3 /* SearchAndFilterResultsListView.swift in Sources */,
				D20BD84F2D1583BF00AF4BD3 /* PullToRefreshListView.swift in Sources */,
				D20BD8422D14058A00AF4BD3 /* SimpleListView.swift in Sources */,
			);
			runOnlyForDeploymentPostprocessing = 0;
		};
/* End PBXSourcesBuildPhase section */

/* Begin XCBuildConfiguration section */
		D20BD83B2D13FF3400AF4BD3 /* Debug */ = {
			isa = XCBuildConfiguration;
			buildSettings = {
				ALWAYS_SEARCH_USER_PATHS = NO;
				ASSETCATALOG_COMPILER_GENERATE_SWIFT_ASSET_SYMBOL_EXTENSIONS = YES;
				CLANG_ANALYZER_NONNULL = YES;
				CLANG_ANALYZER_NUMBER_OBJECT_CONVERSION = YES_AGGRESSIVE;
				CLANG_CXX_LANGUAGE_STANDARD = "gnu++20";
				CLANG_ENABLE_MODULES = YES;
				CLANG_ENABLE_OBJC_ARC = YES;
				CLANG_ENABLE_OBJC_WEAK = YES;
				CLANG_WARN_BLOCK_CAPTURE_AUTORELEASING = YES;
				CLANG_WARN_BOOL_CONVERSION = YES;
				CLANG_WARN_COMMA = YES;
				CLANG_WARN_CONSTANT_CONVERSION = YES;
				CLANG_WARN_DEPRECATED_OBJC_IMPLEMENTATIONS = YES;
				CLANG_WARN_DIRECT_OBJC_ISA_USAGE = YES_ERROR;
				CLANG_WARN_DOCUMENTATION_COMMENTS = YES;
				CLANG_WARN_EMPTY_BODY = YES;
				CLANG_WARN_ENUM_CONVERSION = YES;
				CLANG_WARN_INFINITE_RECURSION = YES;
				CLANG_WARN_INT_CONVERSION = YES;
				CLANG_WARN_NON_LITERAL_NULL_CONVERSION = YES;
				CLANG_WARN_OBJC_IMPLICIT_RETAIN_SELF = YES;
				CLANG_WARN_OBJC_LITERAL_CONVERSION = YES;
				CLANG_WARN_OBJC_ROOT_CLASS = YES_ERROR;
				CLANG_WARN_QUOTED_INCLUDE_IN_FRAMEWORK_HEADER = YES;
				CLANG_WARN_RANGE_LOOP_ANALYSIS = YES;
				CLANG_WARN_STRICT_PROTOTYPES = YES;
				CLANG_WARN_SUSPICIOUS_MOVE = YES;
				CLANG_WARN_UNGUARDED_AVAILABILITY = YES_AGGRESSIVE;
				CLANG_WARN_UNREACHABLE_CODE = YES;
				CLANG_WARN__DUPLICATE_METHOD_MATCH = YES;
				COPY_PHASE_STRIP = NO;
				DEBUG_INFORMATION_FORMAT = dwarf;
				ENABLE_STRICT_OBJC_MSGSEND = YES;
				ENABLE_TESTABILITY = YES;
				ENABLE_USER_SCRIPT_SANDBOXING = YES;
				GCC_C_LANGUAGE_STANDARD = gnu17;
				GCC_DYNAMIC_NO_PIC = NO;
				GCC_NO_COMMON_BLOCKS = YES;
				GCC_OPTIMIZATION_LEVEL = 0;
				GCC_PREPROCESSOR_DEFINITIONS = (
					"DEBUG=1",
					"$(inherited)",
				);
				GCC_WARN_64_TO_32_BIT_CONVERSION = YES;
				GCC_WARN_ABOUT_RETURN_TYPE = YES_ERROR;
				GCC_WARN_UNDECLARED_SELECTOR = YES;
				GCC_WARN_UNINITIALIZED_AUTOS = YES_AGGRESSIVE;
				GCC_WARN_UNUSED_FUNCTION = YES;
				GCC_WARN_UNUSED_VARIABLE = YES;
				IPHONEOS_DEPLOYMENT_TARGET = 17.5;
				LOCALIZATION_PREFERS_STRING_CATALOGS = YES;
				MTL_ENABLE_DEBUG_INFO = INCLUDE_SOURCE;
				MTL_FAST_MATH = YES;
				ONLY_ACTIVE_ARCH = YES;
				SDKROOT = iphoneos;
				SWIFT_ACTIVE_COMPILATION_CONDITIONS = "DEBUG $(inherited)";
				SWIFT_OPTIMIZATION_LEVEL = "-Onone";
			};
			name = Debug;
		};
		D20BD83C2D13FF3400AF4BD3 /* Release */ = {
			isa = XCBuildConfiguration;
			buildSettings = {
				ALWAYS_SEARCH_USER_PATHS = NO;
				ASSETCATALOG_COMPILER_GENERATE_SWIFT_ASSET_SYMBOL_EXTENSIONS = YES;
				CLANG_ANALYZER_NONNULL = YES;
				CLANG_ANALYZER_NUMBER_OBJECT_CONVERSION = YES_AGGRESSIVE;
				CLANG_CXX_LANGUAGE_STANDARD = "gnu++20";
				CLANG_ENABLE_MODULES = YES;
				CLANG_ENABLE_OBJC_ARC = YES;
				CLANG_ENABLE_OBJC_WEAK = YES;
				CLANG_WARN_BLOCK_CAPTURE_AUTORELEASING = YES;
				CLANG_WARN_BOOL_CONVERSION = YES;
				CLANG_WARN_COMMA = YES;
				CLANG_WARN_CONSTANT_CONVERSION = YES;
				CLANG_WARN_DEPRECATED_OBJC_IMPLEMENTATIONS = YES;
				CLANG_WARN_DIRECT_OBJC_ISA_USAGE = YES_ERROR;
				CLANG_WARN_DOCUMENTATION_COMMENTS = YES;
				CLANG_WARN_EMPTY_BODY = YES;
				CLANG_WARN_ENUM_CONVERSION = YES;
				CLANG_WARN_INFINITE_RECURSION = YES;
				CLANG_WARN_INT_CONVERSION = YES;
				CLANG_WARN_NON_LITERAL_NULL_CONVERSION = YES;
				CLANG_WARN_OBJC_IMPLICIT_RETAIN_SELF = YES;
				CLANG_WARN_OBJC_LITERAL_CONVERSION = YES;
				CLANG_WARN_OBJC_ROOT_CLASS = YES_ERROR;
				CLANG_WARN_QUOTED_INCLUDE_IN_FRAMEWORK_HEADER = YES;
				CLANG_WARN_RANGE_LOOP_ANALYSIS = YES;
				CLANG_WARN_STRICT_PROTOTYPES = YES;
				CLANG_WARN_SUSPICIOUS_MOVE = YES;
				CLANG_WARN_UNGUARDED_AVAILABILITY = YES_AGGRESSIVE;
				CLANG_WARN_UNREACHABLE_CODE = YES;
				CLANG_WARN__DUPLICATE_METHOD_MATCH = YES;
				COPY_PHASE_STRIP = NO;
				DEBUG_INFORMATION_FORMAT = "dwarf-with-dsym";
				ENABLE_NS_ASSERTIONS = NO;
				ENABLE_STRICT_OBJC_MSGSEND = YES;
				ENABLE_USER_SCRIPT_SANDBOXING = YES;
				GCC_C_LANGUAGE_STANDARD = gnu17;
				GCC_NO_COMMON_BLOCKS = YES;
				GCC_WARN_64_TO_32_BIT_CONVERSION = YES;
				GCC_WARN_ABOUT_RETURN_TYPE = YES_ERROR;
				GCC_WARN_UNDECLARED_SELECTOR = YES;
				GCC_WARN_UNINITIALIZED_AUTOS = YES_AGGRESSIVE;
				GCC_WARN_UNUSED_FUNCTION = YES;
				GCC_WARN_UNUSED_VARIABLE = YES;
				IPHONEOS_DEPLOYMENT_TARGET = 17.5;
				LOCALIZATION_PREFERS_STRING_CATALOGS = YES;
				MTL_ENABLE_DEBUG_INFO = NO;
				MTL_FAST_MATH = YES;
				SDKROOT = iphoneos;
				SWIFT_COMPILATION_MODE = wholemodule;
				VALIDATE_PRODUCT = YES;
			};
			name = Release;
		};
		D20BD83E2D13FF3400AF4BD3 /* Debug */ = {
			isa = XCBuildConfiguration;
			buildSettings = {
				ASSETCATALOG_COMPILER_APPICON_NAME = AppIcon;
				ASSETCATALOG_COMPILER_GLOBAL_ACCENT_COLOR_NAME = AccentColor;
				CODE_SIGN_STYLE = Automatic;
				CURRENT_PROJECT_VERSION = 1;
				DEVELOPMENT_ASSET_PATHS = "\"SwiftUI-Cookbook/Preview Content\"";
				DEVELOPMENT_TEAM = A4VS9W3DA9;
				ENABLE_PREVIEWS = YES;
				GENERATE_INFOPLIST_FILE = YES;
				INFOPLIST_KEY_UIApplicationSceneManifest_Generation = YES;
				INFOPLIST_KEY_UIApplicationSupportsIndirectInputEvents = YES;
				INFOPLIST_KEY_UILaunchScreen_Generation = YES;
				INFOPLIST_KEY_UISupportedInterfaceOrientations_iPad = "UIInterfaceOrientationPortrait UIInterfaceOrientationPortraitUpsideDown UIInterfaceOrientationLandscapeLeft UIInterfaceOrientationLandscapeRight";
				INFOPLIST_KEY_UISupportedInterfaceOrientations_iPhone = "UIInterfaceOrientationPortrait UIInterfaceOrientationLandscapeLeft UIInterfaceOrientationLandscapeRight";
				LD_RUNPATH_SEARCH_PATHS = (
					"$(inherited)",
					"@executable_path/Frameworks",
				);
				MARKETING_VERSION = 1.0;
				PRODUCT_BUNDLE_IDENTIFIER = "com.dj.www.SwiftUI-Cookbook";
				PRODUCT_NAME = "$(TARGET_NAME)";
				SWIFT_EMIT_LOC_STRINGS = YES;
				SWIFT_VERSION = 5.0;
				TARGETED_DEVICE_FAMILY = "1,2";
			};
			name = Debug;
		};
		D20BD83F2D13FF3400AF4BD3 /* Release */ = {
			isa = XCBuildConfiguration;
			buildSettings = {
				ASSETCATALOG_COMPILER_APPICON_NAME = AppIcon;
				ASSETCATALOG_COMPILER_GLOBAL_ACCENT_COLOR_NAME = AccentColor;
				CODE_SIGN_STYLE = Automatic;
				CURRENT_PROJECT_VERSION = 1;
				DEVELOPMENT_ASSET_PATHS = "\"SwiftUI-Cookbook/Preview Content\"";
				DEVELOPMENT_TEAM = A4VS9W3DA9;
				ENABLE_PREVIEWS = YES;
				GENERATE_INFOPLIST_FILE = YES;
				INFOPLIST_KEY_UIApplicationSceneManifest_Generation = YES;
				INFOPLIST_KEY_UIApplicationSupportsIndirectInputEvents = YES;
				INFOPLIST_KEY_UILaunchScreen_Generation = YES;
				INFOPLIST_KEY_UISupportedInterfaceOrientations_iPad = "UIInterfaceOrientationPortrait UIInterfaceOrientationPortraitUpsideDown UIInterfaceOrientationLandscapeLeft UIInterfaceOrientationLandscapeRight";
				INFOPLIST_KEY_UISupportedInterfaceOrientations_iPhone = "UIInterfaceOrientationPortrait UIInterfaceOrientationLandscapeLeft UIInterfaceOrientationLandscapeRight";
				LD_RUNPATH_SEARCH_PATHS = (
					"$(inherited)",
					"@executable_path/Frameworks",
				);
				MARKETING_VERSION = 1.0;
				PRODUCT_BUNDLE_IDENTIFIER = "com.dj.www.SwiftUI-Cookbook";
				PRODUCT_NAME = "$(TARGET_NAME)";
				SWIFT_EMIT_LOC_STRINGS = YES;
				SWIFT_VERSION = 5.0;
				TARGETED_DEVICE_FAMILY = "1,2";
			};
			name = Release;
		};
/* End XCBuildConfiguration section */

/* Begin XCConfigurationList section */
		D20BD82A2D13FF3100AF4BD3 /* Build configuration list for PBXProject "SwiftUI-Cookbook" */ = {
			isa = XCConfigurationList;
			buildConfigurations = (
				D20BD83B2D13FF3400AF4BD3 /* Debug */,
				D20BD83C2D13FF3400AF4BD3 /* Release */,
			);
			defaultConfigurationIsVisible = 0;
			defaultConfigurationName = Release;
		};
		D20BD83D2D13FF3400AF4BD3 /* Build configuration list for PBXNativeTarget "SwiftUI-Cookbook" */ = {
			isa = XCConfigurationList;
			buildConfigurations = (
				D20BD83E2D13FF3400AF4BD3 /* Debug */,
				D20BD83F2D13FF3400AF4BD3 /* Release */,
			);
			defaultConfigurationIsVisible = 0;
			defaultConfigurationName = Release;
		};
/* End XCConfigurationList section */
	};
	rootObject = D20BD8272D13FF3100AF4BD3 /* Project object */;
}
