// !$*UTF8*$!
{
	archiveVersion = 1;
	classes = {
	};
	objectVersion = 56;
	objects = {

/* Begin PBXBuildFile section */
		D20BD8332D13FF3100AF4BD3 /* SwiftUI_CookbookApp.swift in Sources */ = {isa = PBXBuildFile; fileRef = D20BD8322D13FF3100AF4BD3 /* SwiftUI_CookbookApp.swift */; };
		D20BD8352D13FF3100AF4BD3 /* ContentView.swift in Sources */ = {isa = PBXBuildFile; fileRef = D20BD8342D13FF3100AF4BD3 /* ContentView.swift */; };
		D20BD8372D13FF3400AF4BD3 /* Assets.xcassets in Resources */ = {isa = PBXBuildFile; fileRef = D20BD8362D13FF3400AF4BD3 /* Assets.xcassets */; };
		D20BD83A2D13FF3400AF4BD3 /* Preview Assets.xcassets in Resources */ = {isa = PBXBuildFile; fileRef = D20BD8392D13FF3400AF4BD3 /* Preview Assets.xcassets */; };
		D20BD8422D14058A00AF4BD3 /* SimpleListView.swift in Sources */ = {isa = PBXBuildFile; fileRef = D20BD8412D14058A00AF4BD3 /* SimpleListView.swift */; };
		D20BD8442D1407FE00AF4BD3 /* AlternateRowStyleListView.swift in Sources */ = {isa = PBXBuildFile; fileRef = D20BD8432D1407FE00AF4BD3 /* AlternateRowStyleListView.swift */; };
		D20BD8462D14099800AF4BD3 /* AddRemoveMoveItemsListView.swift in Sources */ = {isa = PBXBuildFile; fileRef = D20BD8452D14099800AF4BD3 /* AddRemoveMoveItemsListView.swift */; };
		D20BD8482D1410D700AF4BD3 /* RemoveSeparateStyleListView.swift in Sources */ = {isa = PBXBuildFile; fileRef = D20BD8472D1410D700AF4BD3 /* RemoveSeparateStyleListView.swift */; };
		D20BD84A2D14114E00AF4BD3 /* GroupedListView.swift in Sources */ = {isa = PBXBuildFile; fileRef = D20BD8492D14114E00AF4BD3 /* GroupedListView.swift */; };
		D20BD84D2D1581E800AF4BD3 /* ChangeBackgroundColorListView.swift in Sources */ = {isa = PBXBuildFile; fileRef = D20BD84C2D1581E800AF4BD3 /* ChangeBackgroundColorListView.swift */; };
		D20BD84F2D1583BF00AF4BD3 /* PullToRefreshListView.swift in Sources */ = {isa = PBXBuildFile; fileRef = D20BD84E2D1583BF00AF4BD3 /* PullToRefreshListView.swift */; };
		D20BD8512D1584B900AF4BD3 /* SearchAndFilterResultsListView.swift in Sources */ = {isa = PBXBuildFile; fileRef = D20BD8502D1584B900AF4BD3 /* SearchAndFilterResultsListView.swift */; };
		D20BD8532D1587A300AF4BD3 /* ClickableCompleteRowListView.swift in Sources */ = {isa = PBXBuildFile; fileRef = D20BD8522D1587A300AF4BD3 /* ClickableCompleteRowListView.swift */; };
		D20BD8552D158B2700AF4BD3 /* AutoScrollToAParticularSectionListView.swift in Sources */ = {isa = PBXBuildFile; fileRef = D20BD8542D158B2700AF4BD3 /* AutoScrollToAParticularSectionListView.swift */; };
		D20BD8572D158CD500AF4BD3 /* SwipeActionListView.swift in Sources */ = {isa = PBXBuildFile; fileRef = D20BD8562D158CD500AF4BD3 /* SwipeActionListView.swift */; };
		D20BD8592D192F9600AF4BD3 /* SelectMultipleItemsListView.swift in Sources */ = {isa = PBXBuildFile; fileRef = D20BD8582D192F9600AF4BD3 /* SelectMultipleItemsListView.swift */; };
		D20BD85B2D1930A500AF4BD3 /* CollapsibleHeadersListView.swift in Sources */ = {isa = PBXBuildFile; fileRef = D20BD85A2D1930A500AF4BD3 /* CollapsibleHeadersListView.swift */; };
		D20BD85D2D19339A00AF4BD3 /* InfiniteScrollableListView.swift in Sources */ = {isa = PBXBuildFile; fileRef = D20BD85C2D19339A00AF4BD3 /* InfiniteScrollableListView.swift */; };
		D20BD85F2D19367000AF4BD3 /* CheckBoxListView.swift in Sources */ = {isa = PBXBuildFile; fileRef = D20BD85E2D19367000AF4BD3 /* CheckBoxListView.swift */; };
		D20BD8612D19383A00AF4BD3 /* RadioButtonsListView.swift in Sources */ = {isa = PBXBuildFile; fileRef = D20BD8602D19383A00AF4BD3 /* RadioButtonsListView.swift */; };
		D20BD8652D1D39B100AF4BD3 /* SimpleGridView.swift in Sources */ = {isa = PBXBuildFile; fileRef = D20BD8642D1D39B100AF4BD3 /* SimpleGridView.swift */; };
		D20BD8672D1D3CC600AF4BD3 /* StickyHeaderGridView.swift in Sources */ = {isa = PBXBuildFile; fileRef = D20BD8662D1D3CC600AF4BD3 /* StickyHeaderGridView.swift */; };
		D20BD8692D1D3F6700AF4BD3 /* HeroAnimationUsingMatchedGeometryEffectGridView.swift in Sources */ = {isa = PBXBuildFile; fileRef = D20BD8682D1D3F6700AF4BD3 /* HeroAnimationUsingMatchedGeometryEffectGridView.swift */; };
		D20BD86B2D1D479C00AF4BD3 /* WrapHstackInMultipleLinesView.swift in Sources */ = {isa = PBXBuildFile; fileRef = D20BD86A2D1D479C00AF4BD3 /* WrapHstackInMultipleLinesView.swift */; };
		D287755D2D22584000ABF188 /* PassDataFromChildToParentUsingBindingView.swift in Sources */ = {isa = PBXBuildFile; fileRef = D287755C2D22584000ABF188 /* PassDataFromChildToParentUsingBindingView.swift */; };
		D28775602D22588800ABF188 /* AddItemView.swift in Sources */ = {isa = PBXBuildFile; fileRef = D287755F2D22588800ABF188 /* AddItemView.swift */; };
		D28775632D225B1200ABF188 /* GlobalStateView.swift in Sources */ = {isa = PBXBuildFile; fileRef = D28775622D225B1200ABF188 /* GlobalStateView.swift */; };
		D28775652D225B4100ABF188 /* GreenCounterView.swift in Sources */ = {isa = PBXBuildFile; fileRef = D28775642D225B4100ABF188 /* GreenCounterView.swift */; };
		D28775672D225B4800ABF188 /* RedCounterView.swift in Sources */ = {isa = PBXBuildFile; fileRef = D28775662D225B4800ABF188 /* RedCounterView.swift */; };
		D28775692D225BD800ABF188 /* Counter.swift in Sources */ = {isa = PBXBuildFile; fileRef = D28775682D225BD800ABF188 /* Counter.swift */; };
		D287756B2D225DC400ABF188 /* OptionalBindingsView.swift in Sources */ = {isa = PBXBuildFile; fileRef = D287756A2D225DC400ABF188 /* OptionalBindingsView.swift */; };
		D287756D2D225E8100ABF188 /* OnChangeModifierView.swift in Sources */ = {isa = PBXBuildFile; fileRef = D287756C2D225E8100ABF188 /* OnChangeModifierView.swift */; };
		D287756F2D2261CB00ABF188 /* OnReceiveModifier.swift in Sources */ = {isa = PBXBuildFile; fileRef = D287756E2D2261CB00ABF188 /* OnReceiveModifier.swift */; };
		D28775742D22635000ABF188 /* ImageLoader.swift in Sources */ = {isa = PBXBuildFile; fileRef = D28775732D22635000ABF188 /* ImageLoader.swift */; };
		D28775762D22640600ABF188 /* URLImageView.swift in Sources */ = {isa = PBXBuildFile; fileRef = D28775752D22640600ABF188 /* URLImageView.swift */; };
		D28775782D22650F00ABF188 /* DisplayImageView.swift in Sources */ = {isa = PBXBuildFile; fileRef = D28775772D22650F00ABF188 /* DisplayImageView.swift */; };
		D287757A2D22668000ABF188 /* AppStorageView.swift in Sources */ = {isa = PBXBuildFile; fileRef = D28775792D22668000ABF188 /* AppStorageView.swift */; };
		D287757D2D254CFB00ABF188 /* GradientsView.swift in Sources */ = {isa = PBXBuildFile; fileRef = D287757C2D254CFB00ABF188 /* GradientsView.swift */; };
		D287757F2D254E6F00ABF188 /* RoundedCornersView.swift in Sources */ = {isa = PBXBuildFile; fileRef = D287757E2D254E6F00ABF188 /* RoundedCornersView.swift */; };
		D28775812D254F5C00ABF188 /* ShapesAndPathsView.swift in Sources */ = {isa = PBXBuildFile; fileRef = D28775802D254F5C00ABF188 /* ShapesAndPathsView.swift */; };
		D28775832D25504000ABF188 /* LineGraphView.swift in Sources */ = {isa = PBXBuildFile; fileRef = D28775822D25504000ABF188 /* LineGraphView.swift */; };
		D28775852D2552EA00ABF188 /* BarChartView.swift in Sources */ = {isa = PBXBuildFile; fileRef = D28775842D2552EA00ABF188 /* BarChartView.swift */; };
		D28775882D25532B00ABF188 /* Stock.swift in Sources */ = {isa = PBXBuildFile; fileRef = D28775872D25532B00ABF188 /* Stock.swift */; };
		D287758A2D25559C00ABF188 /* RatingView.swift in Sources */ = {isa = PBXBuildFile; fileRef = D28775892D25559C00ABF188 /* RatingView.swift */; };
		D287758C2D255D6B00ABF188 /* BlurEffectsView.swift in Sources */ = {isa = PBXBuildFile; fileRef = D287758B2D255D6B00ABF188 /* BlurEffectsView.swift */; };
		D287758F2D2633DA00ABF188 /* NavigationLinkView.swift in Sources */ = {isa = PBXBuildFile; fileRef = D287758E2D2633DA00ABF188 /* NavigationLinkView.swift */; };
		D28775912D2634BC00ABF188 /* PassToDetailViewFromListView.swift in Sources */ = {isa = PBXBuildFile; fileRef = D28775902D2634BC00ABF188 /* PassToDetailViewFromListView.swift */; };
		D28775932D26357900ABF188 /* NavigationDestinationView.swift in Sources */ = {isa = PBXBuildFile; fileRef = D28775922D26357900ABF188 /* NavigationDestinationView.swift */; };
		D28775952D26375800ABF188 /* UnwindNavigationView.swift in Sources */ = {isa = PBXBuildFile; fileRef = D28775942D26375800ABF188 /* UnwindNavigationView.swift */; };
		D28775972D26482500ABF188 /* ToolbarItemsView.swift in Sources */ = {isa = PBXBuildFile; fileRef = D28775962D26482500ABF188 /* ToolbarItemsView.swift */; };
		D28775992D26495000ABF188 /* AddImageToNavigationTitleView.swift in Sources */ = {isa = PBXBuildFile; fileRef = D28775982D26495000ABF188 /* AddImageToNavigationTitleView.swift */; };
		D287759B2D2649BD00ABF188 /* ColorNavigationBarView.swift in Sources */ = {isa = PBXBuildFile; fileRef = D287759A2D2649BD00ABF188 /* ColorNavigationBarView.swift */; };
		D287759D2D264ACD00ABF188 /* PaginationView.swift in Sources */ = {isa = PBXBuildFile; fileRef = D287759C2D264ACD00ABF188 /* PaginationView.swift */; };
		D287759F2D264B8200ABF188 /* NavigationStackView.swift in Sources */ = {isa = PBXBuildFile; fileRef = D287759E2D264B8200ABF188 /* NavigationStackView.swift */; };
		D28775A12D264D3900ABF188 /* ProgrammaticNavigationInNavigationStackView.swift in Sources */ = {isa = PBXBuildFile; fileRef = D28775A02D264D3900ABF188 /* ProgrammaticNavigationInNavigationStackView.swift */; };
		D2A95F822D1E7E6100517FB3 /* DateFormattingView.swift in Sources */ = {isa = PBXBuildFile; fileRef = D2A95F812D1E7E6100517FB3 /* DateFormattingView.swift */; };
		D2A95F842D1E7F7A00517FB3 /* ListFormattingView.swift in Sources */ = {isa = PBXBuildFile; fileRef = D2A95F832D1E7F7A00517FB3 /* ListFormattingView.swift */; };
		D2A95F872D1E809500517FB3 /* MagnifyView.swift in Sources */ = {isa = PBXBuildFile; fileRef = D2A95F862D1E809500517FB3 /* MagnifyView.swift */; };
		D2A95F892D1E827900517FB3 /* RotateView.swift in Sources */ = {isa = PBXBuildFile; fileRef = D2A95F882D1E827900517FB3 /* RotateView.swift */; };
		D2A95F8B2D1E836700517FB3 /* DragView.swift in Sources */ = {isa = PBXBuildFile; fileRef = D2A95F8A2D1E836700517FB3 /* DragView.swift */; };
		D2A95F8D2D1E84FF00517FB3 /* 3DRotationView.swift in Sources */ = {isa = PBXBuildFile; fileRef = D2A95F8C2D1E84FF00517FB3 /* 3DRotationView.swift */; };
		D2ABF2A12D2BAC3E004CE3AE /* PreviewSettingsView.swift in Sources */ = {isa = PBXBuildFile; fileRef = D2ABF2A02D2BAC3E004CE3AE /* PreviewSettingsView.swift */; };
		D2ABF2A42D2BB034004CE3AE /* OpenCloseSheetView.swift in Sources */ = {isa = PBXBuildFile; fileRef = D2ABF2A32D2BB034004CE3AE /* OpenCloseSheetView.swift */; };
		D2ABF2A62D2BB059004CE3AE /* AddItemSheetView.swift in Sources */ = {isa = PBXBuildFile; fileRef = D2ABF2A52D2BB059004CE3AE /* AddItemSheetView.swift */; };
		D2ABF2A82D2BB208004CE3AE /* OpenMultipleSheetsView.swift in Sources */ = {isa = PBXBuildFile; fileRef = D2ABF2A72D2BB208004CE3AE /* OpenMultipleSheetsView.swift */; };
		D2ABF2AA2D2BB2EF004CE3AE /* DisplayQuarterHalfFullScreenSheetView.swift in Sources */ = {isa = PBXBuildFile; fileRef = D2ABF2A92D2BB2EF004CE3AE /* DisplayQuarterHalfFullScreenSheetView.swift */; };
		D2ABF2AD2D2CF1E7004CE3AE /* SingleColumnPickerView.swift in Sources */ = {isa = PBXBuildFile; fileRef = D2ABF2AC2D2CF1E7004CE3AE /* SingleColumnPickerView.swift */; };
		D2ABF2AF2D2CF5A9004CE3AE /* MultipleColumnPickerView.swift in Sources */ = {isa = PBXBuildFile; fileRef = D2ABF2AE2D2CF5A9004CE3AE /* MultipleColumnPickerView.swift */; };
		D2ABF2B12D2CF8E5004CE3AE /* SegmentedControlView.swift in Sources */ = {isa = PBXBuildFile; fileRef = D2ABF2B02D2CF8E5004CE3AE /* SegmentedControlView.swift */; };
		D2ABF2B32D2CF9BD004CE3AE /* EnumSegmentedControlView.swift in Sources */ = {isa = PBXBuildFile; fileRef = D2ABF2B22D2CF9BD004CE3AE /* EnumSegmentedControlView.swift */; };
		D2ABF2B62D2CFB05004CE3AE /* IntegrateCameraView.swift in Sources */ = {isa = PBXBuildFile; fileRef = D2ABF2B52D2CFB05004CE3AE /* IntegrateCameraView.swift */; };
		D2ABF2B82D2CFBB7004CE3AE /* ImagePicker.swift in Sources */ = {isa = PBXBuildFile; fileRef = D2ABF2B72D2CFBB7004CE3AE /* ImagePicker.swift */; };
		D2ABF2BA2D2CFDE7004CE3AE /* PhotoCaptureView.swift in Sources */ = {isa = PBXBuildFile; fileRef = D2ABF2B92D2CFDE7004CE3AE /* PhotoCaptureView.swift */; };
		D2C0D0CC2D2FBEAF0062736B /* SimpleMapView.swift in Sources */ = {isa = PBXBuildFile; fileRef = D2C0D0CB2D2FBEAF0062736B /* SimpleMapView.swift */; };
/* End PBXBuildFile section */

/* Begin PBXFileReference section */
		D20BD82F2D13FF3100AF4BD3 /* SwiftUI-Cookbook.app */ = {isa = PBXFileReference; explicitFileType = wrapper.application; includeInIndex = 0; path = "SwiftUI-Cookbook.app"; sourceTree = BUILT_PRODUCTS_DIR; };
		D20BD8322D13FF3100AF4BD3 /* SwiftUI_CookbookApp.swift */ = {isa = PBXFileReference; lastKnownFileType = sourcecode.swift; path = SwiftUI_CookbookApp.swift; sourceTree = "<group>"; };
		D20BD8342D13FF3100AF4BD3 /* ContentView.swift */ = {isa = PBXFileReference; lastKnownFileType = sourcecode.swift; path = ContentView.swift; sourceTree = "<group>"; };
		D20BD8362D13FF3400AF4BD3 /* Assets.xcassets */ = {isa = PBXFileReference; lastKnownFileType = folder.assetcatalog; path = Assets.xcassets; sourceTree = "<group>"; };
		D20BD8392D13FF3400AF4BD3 /* Preview Assets.xcassets */ = {isa = PBXFileReference; lastKnownFileType = folder.assetcatalog; path = "Preview Assets.xcassets"; sourceTree = "<group>"; };
		D20BD8412D14058A00AF4BD3 /* SimpleListView.swift */ = {isa = PBXFileReference; lastKnownFileType = sourcecode.swift; path = SimpleListView.swift; sourceTree = "<group>"; };
		D20BD8432D1407FE00AF4BD3 /* AlternateRowStyleListView.swift */ = {isa = PBXFileReference; lastKnownFileType = sourcecode.swift; path = AlternateRowStyleListView.swift; sourceTree = "<group>"; };
		D20BD8452D14099800AF4BD3 /* AddRemoveMoveItemsListView.swift */ = {isa = PBXFileReference; lastKnownFileType = sourcecode.swift; path = AddRemoveMoveItemsListView.swift; sourceTree = "<group>"; };
		D20BD8472D1410D700AF4BD3 /* RemoveSeparateStyleListView.swift */ = {isa = PBXFileReference; lastKnownFileType = sourcecode.swift; path = RemoveSeparateStyleListView.swift; sourceTree = "<group>"; };
		D20BD8492D14114E00AF4BD3 /* GroupedListView.swift */ = {isa = PBXFileReference; lastKnownFileType = sourcecode.swift; path = GroupedListView.swift; sourceTree = "<group>"; };
		D20BD84C2D1581E800AF4BD3 /* ChangeBackgroundColorListView.swift */ = {isa = PBXFileReference; lastKnownFileType = sourcecode.swift; path = ChangeBackgroundColorListView.swift; sourceTree = "<group>"; };
		D20BD84E2D1583BF00AF4BD3 /* PullToRefreshListView.swift */ = {isa = PBXFileReference; lastKnownFileType = sourcecode.swift; path = PullToRefreshListView.swift; sourceTree = "<group>"; };
		D20BD8502D1584B900AF4BD3 /* SearchAndFilterResultsListView.swift */ = {isa = PBXFileReference; lastKnownFileType = sourcecode.swift; path = SearchAndFilterResultsListView.swift; sourceTree = "<group>"; };
		D20BD8522D1587A300AF4BD3 /* ClickableCompleteRowListView.swift */ = {isa = PBXFileReference; lastKnownFileType = sourcecode.swift; path = ClickableCompleteRowListView.swift; sourceTree = "<group>"; };
		D20BD8542D158B2700AF4BD3 /* AutoScrollToAParticularSectionListView.swift */ = {isa = PBXFileReference; lastKnownFileType = sourcecode.swift; path = AutoScrollToAParticularSectionListView.swift; sourceTree = "<group>"; };
		D20BD8562D158CD500AF4BD3 /* SwipeActionListView.swift */ = {isa = PBXFileReference; lastKnownFileType = sourcecode.swift; path = SwipeActionListView.swift; sourceTree = "<group>"; };
		D20BD8582D192F9600AF4BD3 /* SelectMultipleItemsListView.swift */ = {isa = PBXFileReference; lastKnownFileType = sourcecode.swift; path = SelectMultipleItemsListView.swift; sourceTree = "<group>"; };
		D20BD85A2D1930A500AF4BD3 /* CollapsibleHeadersListView.swift */ = {isa = PBXFileReference; lastKnownFileType = sourcecode.swift; path = CollapsibleHeadersListView.swift; sourceTree = "<group>"; };
		D20BD85C2D19339A00AF4BD3 /* InfiniteScrollableListView.swift */ = {isa = PBXFileReference; lastKnownFileType = sourcecode.swift; path = InfiniteScrollableListView.swift; sourceTree = "<group>"; };
		D20BD85E2D19367000AF4BD3 /* CheckBoxListView.swift */ = {isa = PBXFileReference; lastKnownFileType = sourcecode.swift; path = CheckBoxListView.swift; sourceTree = "<group>"; };
		D20BD8602D19383A00AF4BD3 /* RadioButtonsListView.swift */ = {isa = PBXFileReference; lastKnownFileType = sourcecode.swift; path = RadioButtonsListView.swift; sourceTree = "<group>"; };
		D20BD8642D1D39B100AF4BD3 /* SimpleGridView.swift */ = {isa = PBXFileReference; lastKnownFileType = sourcecode.swift; path = SimpleGridView.swift; sourceTree = "<group>"; };
		D20BD8662D1D3CC600AF4BD3 /* StickyHeaderGridView.swift */ = {isa = PBXFileReference; lastKnownFileType = sourcecode.swift; path = StickyHeaderGridView.swift; sourceTree = "<group>"; };
		D20BD8682D1D3F6700AF4BD3 /* HeroAnimationUsingMatchedGeometryEffectGridView.swift */ = {isa = PBXFileReference; lastKnownFileType = sourcecode.swift; path = HeroAnimationUsingMatchedGeometryEffectGridView.swift; sourceTree = "<group>"; };
		D20BD86A2D1D479C00AF4BD3 /* WrapHstackInMultipleLinesView.swift */ = {isa = PBXFileReference; lastKnownFileType = sourcecode.swift; path = WrapHstackInMultipleLinesView.swift; sourceTree = "<group>"; };
		D287755C2D22584000ABF188 /* PassDataFromChildToParentUsingBindingView.swift */ = {isa = PBXFileReference; lastKnownFileType = sourcecode.swift; path = PassDataFromChildToParentUsingBindingView.swift; sourceTree = "<group>"; };
		D287755F2D22588800ABF188 /* AddItemView.swift */ = {isa = PBXFileReference; lastKnownFileType = sourcecode.swift; path = AddItemView.swift; sourceTree = "<group>"; };
		D28775622D225B1200ABF188 /* GlobalStateView.swift */ = {isa = PBXFileReference; lastKnownFileType = sourcecode.swift; path = GlobalStateView.swift; sourceTree = "<group>"; };
		D28775642D225B4100ABF188 /* GreenCounterView.swift */ = {isa = PBXFileReference; lastKnownFileType = sourcecode.swift; path = GreenCounterView.swift; sourceTree = "<group>"; };
		D28775662D225B4800ABF188 /* RedCounterView.swift */ = {isa = PBXFileReference; lastKnownFileType = sourcecode.swift; path = RedCounterView.swift; sourceTree = "<group>"; };
		D28775682D225BD800ABF188 /* Counter.swift */ = {isa = PBXFileReference; lastKnownFileType = sourcecode.swift; path = Counter.swift; sourceTree = "<group>"; };
		D287756A2D225DC400ABF188 /* OptionalBindingsView.swift */ = {isa = PBXFileReference; lastKnownFileType = sourcecode.swift; path = OptionalBindingsView.swift; sourceTree = "<group>"; };
		D287756C2D225E8100ABF188 /* OnChangeModifierView.swift */ = {isa = PBXFileReference; lastKnownFileType = sourcecode.swift; path = OnChangeModifierView.swift; sourceTree = "<group>"; };
		D287756E2D2261CB00ABF188 /* OnReceiveModifier.swift */ = {isa = PBXFileReference; lastKnownFileType = sourcecode.swift; path = OnReceiveModifier.swift; sourceTree = "<group>"; };
		D28775732D22635000ABF188 /* ImageLoader.swift */ = {isa = PBXFileReference; lastKnownFileType = sourcecode.swift; path = ImageLoader.swift; sourceTree = "<group>"; };
		D28775752D22640600ABF188 /* URLImageView.swift */ = {isa = PBXFileReference; lastKnownFileType = sourcecode.swift; path = URLImageView.swift; sourceTree = "<group>"; };
		D28775772D22650F00ABF188 /* DisplayImageView.swift */ = {isa = PBXFileReference; lastKnownFileType = sourcecode.swift; path = DisplayImageView.swift; sourceTree = "<group>"; };
		D28775792D22668000ABF188 /* AppStorageView.swift */ = {isa = PBXFileReference; lastKnownFileType = sourcecode.swift; path = AppStorageView.swift; sourceTree = "<group>"; };
		D287757C2D254CFB00ABF188 /* GradientsView.swift */ = {isa = PBXFileReference; lastKnownFileType = sourcecode.swift; path = GradientsView.swift; sourceTree = "<group>"; };
		D287757E2D254E6F00ABF188 /* RoundedCornersView.swift */ = {isa = PBXFileReference; lastKnownFileType = sourcecode.swift; path = RoundedCornersView.swift; sourceTree = "<group>"; };
		D28775802D254F5C00ABF188 /* ShapesAndPathsView.swift */ = {isa = PBXFileReference; lastKnownFileType = sourcecode.swift; path = ShapesAndPathsView.swift; sourceTree = "<group>"; };
		D28775822D25504000ABF188 /* LineGraphView.swift */ = {isa = PBXFileReference; lastKnownFileType = sourcecode.swift; path = LineGraphView.swift; sourceTree = "<group>"; };
		D28775842D2552EA00ABF188 /* BarChartView.swift */ = {isa = PBXFileReference; lastKnownFileType = sourcecode.swift; path = BarChartView.swift; sourceTree = "<group>"; };
		D28775872D25532B00ABF188 /* Stock.swift */ = {isa = PBXFileReference; lastKnownFileType = sourcecode.swift; path = Stock.swift; sourceTree = "<group>"; };
		D28775892D25559C00ABF188 /* RatingView.swift */ = {isa = PBXFileReference; lastKnownFileType = sourcecode.swift; path = RatingView.swift; sourceTree = "<group>"; };
		D287758B2D255D6B00ABF188 /* BlurEffectsView.swift */ = {isa = PBXFileReference; lastKnownFileType = sourcecode.swift; path = BlurEffectsView.swift; sourceTree = "<group>"; };
		D287758E2D2633DA00ABF188 /* NavigationLinkView.swift */ = {isa = PBXFileReference; lastKnownFileType = sourcecode.swift; path = NavigationLinkView.swift; sourceTree = "<group>"; };
		D28775902D2634BC00ABF188 /* PassToDetailViewFromListView.swift */ = {isa = PBXFileReference; lastKnownFileType = sourcecode.swift; path = PassToDetailViewFromListView.swift; sourceTree = "<group>"; };
		D28775922D26357900ABF188 /* NavigationDestinationView.swift */ = {isa = PBXFileReference; lastKnownFileType = sourcecode.swift; path = NavigationDestinationView.swift; sourceTree = "<group>"; };
		D28775942D26375800ABF188 /* UnwindNavigationView.swift */ = {isa = PBXFileReference; lastKnownFileType = sourcecode.swift; path = UnwindNavigationView.swift; sourceTree = "<group>"; };
		D28775962D26482500ABF188 /* ToolbarItemsView.swift */ = {isa = PBXFileReference; lastKnownFileType = sourcecode.swift; path = ToolbarItemsView.swift; sourceTree = "<group>"; };
		D28775982D26495000ABF188 /* AddImageToNavigationTitleView.swift */ = {isa = PBXFileReference; lastKnownFileType = sourcecode.swift; path = AddImageToNavigationTitleView.swift; sourceTree = "<group>"; };
		D287759A2D2649BD00ABF188 /* ColorNavigationBarView.swift */ = {isa = PBXFileReference; lastKnownFileType = sourcecode.swift; path = ColorNavigationBarView.swift; sourceTree = "<group>"; };
		D287759C2D264ACD00ABF188 /* PaginationView.swift */ = {isa = PBXFileReference; lastKnownFileType = sourcecode.swift; path = PaginationView.swift; sourceTree = "<group>"; };
		D287759E2D264B8200ABF188 /* NavigationStackView.swift */ = {isa = PBXFileReference; lastKnownFileType = sourcecode.swift; path = NavigationStackView.swift; sourceTree = "<group>"; };
		D28775A02D264D3900ABF188 /* ProgrammaticNavigationInNavigationStackView.swift */ = {isa = PBXFileReference; lastKnownFileType = sourcecode.swift; path = ProgrammaticNavigationInNavigationStackView.swift; sourceTree = "<group>"; };
		D2A95F812D1E7E6100517FB3 /* DateFormattingView.swift */ = {isa = PBXFileReference; lastKnownFileType = sourcecode.swift; path = DateFormattingView.swift; sourceTree = "<group>"; };
		D2A95F832D1E7F7A00517FB3 /* ListFormattingView.swift */ = {isa = PBXFileReference; lastKnownFileType = sourcecode.swift; path = ListFormattingView.swift; sourceTree = "<group>"; };
		D2A95F862D1E809500517FB3 /* MagnifyView.swift */ = {isa = PBXFileReference; lastKnownFileType = sourcecode.swift; path = MagnifyView.swift; sourceTree = "<group>"; };
		D2A95F882D1E827900517FB3 /* RotateView.swift */ = {isa = PBXFileReference; lastKnownFileType = sourcecode.swift; path = RotateView.swift; sourceTree = "<group>"; };
		D2A95F8A2D1E836700517FB3 /* DragView.swift */ = {isa = PBXFileReference; lastKnownFileType = sourcecode.swift; path = DragView.swift; sourceTree = "<group>"; };
		D2A95F8C2D1E84FF00517FB3 /* 3DRotationView.swift */ = {isa = PBXFileReference; lastKnownFileType = sourcecode.swift; path = 3DRotationView.swift; sourceTree = "<group>"; };
		D2ABF2A02D2BAC3E004CE3AE /* PreviewSettingsView.swift */ = {isa = PBXFileReference; lastKnownFileType = sourcecode.swift; path = PreviewSettingsView.swift; sourceTree = "<group>"; };
		D2ABF2A32D2BB034004CE3AE /* OpenCloseSheetView.swift */ = {isa = PBXFileReference; lastKnownFileType = sourcecode.swift; path = OpenCloseSheetView.swift; sourceTree = "<group>"; };
		D2ABF2A52D2BB059004CE3AE /* AddItemSheetView.swift */ = {isa = PBXFileReference; lastKnownFileType = sourcecode.swift; path = AddItemSheetView.swift; sourceTree = "<group>"; };
		D2ABF2A72D2BB208004CE3AE /* OpenMultipleSheetsView.swift */ = {isa = PBXFileReference; lastKnownFileType = sourcecode.swift; path = OpenMultipleSheetsView.swift; sourceTree = "<group>"; };
		D2ABF2A92D2BB2EF004CE3AE /* DisplayQuarterHalfFullScreenSheetView.swift */ = {isa = PBXFileReference; lastKnownFileType = sourcecode.swift; path = DisplayQuarterHalfFullScreenSheetView.swift; sourceTree = "<group>"; };
		D2ABF2AC2D2CF1E7004CE3AE /* SingleColumnPickerView.swift */ = {isa = PBXFileReference; lastKnownFileType = sourcecode.swift; path = SingleColumnPickerView.swift; sourceTree = "<group>"; };
		D2ABF2AE2D2CF5A9004CE3AE /* MultipleColumnPickerView.swift */ = {isa = PBXFileReference; lastKnownFileType = sourcecode.swift; path = MultipleColumnPickerView.swift; sourceTree = "<group>"; };
		D2ABF2B02D2CF8E5004CE3AE /* SegmentedControlView.swift */ = {isa = PBXFileReference; lastKnownFileType = sourcecode.swift; path = SegmentedControlView.swift; sourceTree = "<group>"; };
		D2ABF2B22D2CF9BD004CE3AE /* EnumSegmentedControlView.swift */ = {isa = PBXFileReference; lastKnownFileType = sourcecode.swift; path = EnumSegmentedControlView.swift; sourceTree = "<group>"; };
		D2ABF2B52D2CFB05004CE3AE /* IntegrateCameraView.swift */ = {isa = PBXFileReference; lastKnownFileType = sourcecode.swift; path = IntegrateCameraView.swift; sourceTree = "<group>"; };
		D2ABF2B72D2CFBB7004CE3AE /* ImagePicker.swift */ = {isa = PBXFileReference; lastKnownFileType = sourcecode.swift; path = ImagePicker.swift; sourceTree = "<group>"; };
		D2ABF2B92D2CFDE7004CE3AE /* PhotoCaptureView.swift */ = {isa = PBXFileReference; lastKnownFileType = sourcecode.swift; path = PhotoCaptureView.swift; sourceTree = "<group>"; };
		D2C0D0CB2D2FBEAF0062736B /* SimpleMapView.swift */ = {isa = PBXFileReference; lastKnownFileType = sourcecode.swift; path = SimpleMapView.swift; sourceTree = "<group>"; };
/* End PBXFileReference section */

/* Begin PBXFrameworksBuildPhase section */
		D20BD82C2D13FF3100AF4BD3 /* Frameworks */ = {
			isa = PBXFrameworksBuildPhase;
			buildActionMask = 2147483647;
			files = (
			);
			runOnlyForDeploymentPostprocessing = 0;
		};
/* End PBXFrameworksBuildPhase section */

/* Begin PBXGroup section */
		D20BD8262D13FF3100AF4BD3 = {
			isa = PBXGroup;
			children = (
				D20BD8312D13FF3100AF4BD3 /* SwiftUI-Cookbook */,
				D20BD8302D13FF3100AF4BD3 /* Products */,
			);
			sourceTree = "<group>";
		};
		D20BD8302D13FF3100AF4BD3 /* Products */ = {
			isa = PBXGroup;
			children = (
				D20BD82F2D13FF3100AF4BD3 /* SwiftUI-Cookbook.app */,
			);
			name = Products;
			sourceTree = "<group>";
		};
		D20BD8312D13FF3100AF4BD3 /* SwiftUI-Cookbook */ = {
			isa = PBXGroup;
			children = (
				D2C0D0CA2D2FBE9E0062736B /* Map */,
				D2ABF2B42D2CFAE2004CE3AE /* Camera */,
				D2ABF2AB2D2CF1D4004CE3AE /* Pickers */,
				D2ABF2A22D2BB01E004CE3AE /* Sheets */,
				D2ABF29F2D2BAC11004CE3AE /* PreviewSettings */,
				D287758D2D2633C600ABF188 /* Navigation */,
				D287757B2D254CE400ABF188 /* Graphics, Shapes, Paths and Effects */,
				D287755B2D22582400ABF188 /* Data-Flow */,
				D2A95F852D1E808B00517FB3 /* Gestures */,
				D2A95F802D1E7DF800517FB3 /* FormattingModifiers */,
				D20BD8622D1D399400AF4BD3 /* Grid&Stacks */,
				D20BD8402D13FF5200AF4BD3 /* List */,
				D20BD8322D13FF3100AF4BD3 /* SwiftUI_CookbookApp.swift */,
				D20BD8342D13FF3100AF4BD3 /* ContentView.swift */,
				D20BD8362D13FF3400AF4BD3 /* Assets.xcassets */,
				D20BD8382D13FF3400AF4BD3 /* Preview Content */,
			);
			path = "SwiftUI-Cookbook";
			sourceTree = "<group>";
		};
		D20BD8382D13FF3400AF4BD3 /* Preview Content */ = {
			isa = PBXGroup;
			children = (
				D20BD8392D13FF3400AF4BD3 /* Preview Assets.xcassets */,
			);
			path = "Preview Content";
			sourceTree = "<group>";
		};
		D20BD8402D13FF5200AF4BD3 /* List */ = {
			isa = PBXGroup;
			children = (
				D20BD8412D14058A00AF4BD3 /* SimpleListView.swift */,
				D20BD8432D1407FE00AF4BD3 /* AlternateRowStyleListView.swift */,
				D20BD8452D14099800AF4BD3 /* AddRemoveMoveItemsListView.swift */,
				D20BD8472D1410D700AF4BD3 /* RemoveSeparateStyleListView.swift */,
				D20BD8492D14114E00AF4BD3 /* GroupedListView.swift */,
				D20BD84C2D1581E800AF4BD3 /* ChangeBackgroundColorListView.swift */,
				D20BD84E2D1583BF00AF4BD3 /* PullToRefreshListView.swift */,
				D20BD8502D1584B900AF4BD3 /* SearchAndFilterResultsListView.swift */,
				D20BD8522D1587A300AF4BD3 /* ClickableCompleteRowListView.swift */,
				D20BD8542D158B2700AF4BD3 /* AutoScrollToAParticularSectionListView.swift */,
				D20BD8562D158CD500AF4BD3 /* SwipeActionListView.swift */,
				D20BD8582D192F9600AF4BD3 /* SelectMultipleItemsListView.swift */,
				D20BD85A2D1930A500AF4BD3 /* CollapsibleHeadersListView.swift */,
				D20BD85C2D19339A00AF4BD3 /* InfiniteScrollableListView.swift */,
				D20BD85E2D19367000AF4BD3 /* CheckBoxListView.swift */,
				D20BD8602D19383A00AF4BD3 /* RadioButtonsListView.swift */,
			);
			path = List;
			sourceTree = "<group>";
		};
		D20BD8622D1D399400AF4BD3 /* Grid&Stacks */ = {
			isa = PBXGroup;
			children = (
				D20BD8642D1D39B100AF4BD3 /* SimpleGridView.swift */,
				D20BD8662D1D3CC600AF4BD3 /* StickyHeaderGridView.swift */,
				D20BD8682D1D3F6700AF4BD3 /* HeroAnimationUsingMatchedGeometryEffectGridView.swift */,
				D20BD86A2D1D479C00AF4BD3 /* WrapHstackInMultipleLinesView.swift */,
			);
			path = "Grid&Stacks";
			sourceTree = "<group>";
		};
		D287755B2D22582400ABF188 /* Data-Flow */ = {
			isa = PBXGroup;
			children = (
				D28775722D22633C00ABF188 /* DownloadAndDisplayImages */,
				D28775612D225AF600ABF188 /* GlobalStateUsingEnvironmentObject */,
				D287755E2D22587800ABF188 /* PassDataFromChild */,
				D287756A2D225DC400ABF188 /* OptionalBindingsView.swift */,
				D287756C2D225E8100ABF188 /* OnChangeModifierView.swift */,
				D287756E2D2261CB00ABF188 /* OnReceiveModifier.swift */,
				D28775792D22668000ABF188 /* AppStorageView.swift */,
			);
			path = "Data-Flow";
			sourceTree = "<group>";
		};
		D287755E2D22587800ABF188 /* PassDataFromChild */ = {
			isa = PBXGroup;
			children = (
				D287755C2D22584000ABF188 /* PassDataFromChildToParentUsingBindingView.swift */,
				D287755F2D22588800ABF188 /* AddItemView.swift */,
			);
			path = PassDataFromChild;
			sourceTree = "<group>";
		};
		D28775612D225AF600ABF188 /* GlobalStateUsingEnvironmentObject */ = {
			isa = PBXGroup;
			children = (
				D28775622D225B1200ABF188 /* GlobalStateView.swift */,
				D28775662D225B4800ABF188 /* RedCounterView.swift */,
				D28775642D225B4100ABF188 /* GreenCounterView.swift */,
				D28775682D225BD800ABF188 /* Counter.swift */,
			);
			path = GlobalStateUsingEnvironmentObject;
			sourceTree = "<group>";
		};
		D28775722D22633C00ABF188 /* DownloadAndDisplayImages */ = {
			isa = PBXGroup;
			children = (
				D28775732D22635000ABF188 /* ImageLoader.swift */,
				D28775752D22640600ABF188 /* URLImageView.swift */,
				D28775772D22650F00ABF188 /* DisplayImageView.swift */,
			);
			path = DownloadAndDisplayImages;
			sourceTree = "<group>";
		};
		D287757B2D254CE400ABF188 /* Graphics, Shapes, Paths and Effects */ = {
			isa = PBXGroup;
			children = (
				D28775862D25531A00ABF188 /* Graph */,
				D287757C2D254CFB00ABF188 /* GradientsView.swift */,
				D287757E2D254E6F00ABF188 /* RoundedCornersView.swift */,
				D28775802D254F5C00ABF188 /* ShapesAndPathsView.swift */,
				D28775892D25559C00ABF188 /* RatingView.swift */,
				D287758B2D255D6B00ABF188 /* BlurEffectsView.swift */,
			);
			path = "Graphics, Shapes, Paths and Effects";
			sourceTree = "<group>";
		};
		D28775862D25531A00ABF188 /* Graph */ = {
			isa = PBXGroup;
			children = (
				D28775822D25504000ABF188 /* LineGraphView.swift */,
				D28775842D2552EA00ABF188 /* BarChartView.swift */,
				D28775872D25532B00ABF188 /* Stock.swift */,
			);
			path = Graph;
			sourceTree = "<group>";
		};
		D287758D2D2633C600ABF188 /* Navigation */ = {
			isa = PBXGroup;
			children = (
				D287758E2D2633DA00ABF188 /* NavigationLinkView.swift */,
				D28775902D2634BC00ABF188 /* PassToDetailViewFromListView.swift */,
				D28775922D26357900ABF188 /* NavigationDestinationView.swift */,
				D28775942D26375800ABF188 /* UnwindNavigationView.swift */,
				D28775962D26482500ABF188 /* ToolbarItemsView.swift */,
				D28775982D26495000ABF188 /* AddImageToNavigationTitleView.swift */,
				D287759A2D2649BD00ABF188 /* ColorNavigationBarView.swift */,
				D287759C2D264ACD00ABF188 /* PaginationView.swift */,
				D287759E2D264B8200ABF188 /* NavigationStackView.swift */,
				D28775A02D264D3900ABF188 /* ProgrammaticNavigationInNavigationStackView.swift */,
			);
			path = Navigation;
			sourceTree = "<group>";
		};
		D2A95F802D1E7DF800517FB3 /* FormattingModifiers */ = {
			isa = PBXGroup;
			children = (
				D2A95F812D1E7E6100517FB3 /* DateFormattingView.swift */,
				D2A95F832D1E7F7A00517FB3 /* ListFormattingView.swift */,
			);
			path = FormattingModifiers;
			sourceTree = "<group>";
		};
		D2A95F852D1E808B00517FB3 /* Gestures */ = {
			isa = PBXGroup;
			children = (
				D2A95F862D1E809500517FB3 /* MagnifyView.swift */,
				D2A95F882D1E827900517FB3 /* RotateView.swift */,
				D2A95F8A2D1E836700517FB3 /* DragView.swift */,
				D2A95F8C2D1E84FF00517FB3 /* 3DRotationView.swift */,
			);
			path = Gestures;
			sourceTree = "<group>";
		};
		D2ABF29F2D2BAC11004CE3AE /* PreviewSettings */ = {
			isa = PBXGroup;
			children = (
				D2ABF2A02D2BAC3E004CE3AE /* PreviewSettingsView.swift */,
			);
			path = PreviewSettings;
			sourceTree = "<group>";
		};
		D2ABF2A22D2BB01E004CE3AE /* Sheets */ = {
			isa = PBXGroup;
			children = (
				D2ABF2A32D2BB034004CE3AE /* OpenCloseSheetView.swift */,
				D2ABF2A52D2BB059004CE3AE /* AddItemSheetView.swift */,
				D2ABF2A72D2BB208004CE3AE /* OpenMultipleSheetsView.swift */,
				D2ABF2A92D2BB2EF004CE3AE /* DisplayQuarterHalfFullScreenSheetView.swift */,
			);
			path = Sheets;
			sourceTree = "<group>";
		};
		D2ABF2AB2D2CF1D4004CE3AE /* Pickers */ = {
			isa = PBXGroup;
			children = (
				D2ABF2AC2D2CF1E7004CE3AE /* SingleColumnPickerView.swift */,
				D2ABF2AE2D2CF5A9004CE3AE /* MultipleColumnPickerView.swift */,
				D2ABF2B02D2CF8E5004CE3AE /* SegmentedControlView.swift */,
				D2ABF2B22D2CF9BD004CE3AE /* EnumSegmentedControlView.swift */,
			);
			path = Pickers;
			sourceTree = "<group>";
		};
		D2ABF2B42D2CFAE2004CE3AE /* Camera */ = {
			isa = PBXGroup;
			children = (
				D2ABF2B52D2CFB05004CE3AE /* IntegrateCameraView.swift */,
				D2ABF2B72D2CFBB7004CE3AE /* ImagePicker.swift */,
				D2ABF2B92D2CFDE7004CE3AE /* PhotoCaptureView.swift */,
			);
			path = Camera;
			sourceTree = "<group>";
		};
		D2C0D0CA2D2FBE9E0062736B /* Map */ = {
			isa = PBXGroup;
			children = (
				D2C0D0CB2D2FBEAF0062736B /* SimpleMapView.swift */,
			);
			path = Map;
			sourceTree = "<group>";
		};
/* End PBXGroup section */

/* Begin PBXNativeTarget section */
		D20BD82E2D13FF3100AF4BD3 /* SwiftUI-Cookbook */ = {
			isa = PBXNativeTarget;
			buildConfigurationList = D20BD83D2D13FF3400AF4BD3 /* Build configuration list for PBXNativeTarget "SwiftUI-Cookbook" */;
			buildPhases = (
				D20BD82B2D13FF3100AF4BD3 /* Sources */,
				D20BD82C2D13FF3100AF4BD3 /* Frameworks */,
				D20BD82D2D13FF3100AF4BD3 /* Resources */,
			);
			buildRules = (
			);
			dependencies = (
			);
			name = "SwiftUI-Cookbook";
			productName = "SwiftUI-Cookbook";
			productReference = D20BD82F2D13FF3100AF4BD3 /* SwiftUI-Cookbook.app */;
			productType = "com.apple.product-type.application";
		};
/* End PBXNativeTarget section */

/* Begin PBXProject section */
		D20BD8272D13FF3100AF4BD3 /* Project object */ = {
			isa = PBXProject;
			attributes = {
				BuildIndependentTargetsInParallel = 1;
				LastSwiftUpdateCheck = 1540;
				LastUpgradeCheck = 1540;
				TargetAttributes = {
					D20BD82E2D13FF3100AF4BD3 = {
						CreatedOnToolsVersion = 15.4;
					};
				};
			};
			buildConfigurationList = D20BD82A2D13FF3100AF4BD3 /* Build configuration list for PBXProject "SwiftUI-Cookbook" */;
			compatibilityVersion = "Xcode 14.0";
			developmentRegion = en;
			hasScannedForEncodings = 0;
			knownRegions = (
				en,
				Base,
			);
			mainGroup = D20BD8262D13FF3100AF4BD3;
			productRefGroup = D20BD8302D13FF3100AF4BD3 /* Products */;
			projectDirPath = "";
			projectRoot = "";
			targets = (
				D20BD82E2D13FF3100AF4BD3 /* SwiftUI-Cookbook */,
			);
		};
/* End PBXProject section */

/* Begin PBXResourcesBuildPhase section */
		D20BD82D2D13FF3100AF4BD3 /* Resources */ = {
			isa = PBXResourcesBuildPhase;
			buildActionMask = 2147483647;
			files = (
				D20BD83A2D13FF3400AF4BD3 /* Preview Assets.xcassets in Resources */,
				D20BD8372D13FF3400AF4BD3 /* Assets.xcassets in Resources */,
			);
			runOnlyForDeploymentPostprocessing = 0;
		};
/* End PBXResourcesBuildPhase section */

/* Begin PBXSourcesBuildPhase section */
		D20BD82B2D13FF3100AF4BD3 /* Sources */ = {
			isa = PBXSourcesBuildPhase;
			buildActionMask = 2147483647;
			files = (
				D20BD8352D13FF3100AF4BD3 /* ContentView.swift in Sources */,
				D28775852D2552EA00ABF188 /* BarChartView.swift in Sources */,
				D2ABF2AA2D2BB2EF004CE3AE /* DisplayQuarterHalfFullScreenSheetView.swift in Sources */,
				D20BD8332D13FF3100AF4BD3 /* SwiftUI_CookbookApp.swift in Sources */,
				D20BD8652D1D39B100AF4BD3 /* SimpleGridView.swift in Sources */,
				D28775632D225B1200ABF188 /* GlobalStateView.swift in Sources */,
				D287759F2D264B8200ABF188 /* NavigationStackView.swift in Sources */,
				D2ABF2A42D2BB034004CE3AE /* OpenCloseSheetView.swift in Sources */,
				D2ABF2AF2D2CF5A9004CE3AE /* MultipleColumnPickerView.swift in Sources */,
				D20BD8532D1587A300AF4BD3 /* ClickableCompleteRowListView.swift in Sources */,
				D28775812D254F5C00ABF188 /* ShapesAndPathsView.swift in Sources */,
				D287757D2D254CFB00ABF188 /* GradientsView.swift in Sources */,
				D287757F2D254E6F00ABF188 /* RoundedCornersView.swift in Sources */,
				D28775992D26495000ABF188 /* AddImageToNavigationTitleView.swift in Sources */,
				D20BD85F2D19367000AF4BD3 /* CheckBoxListView.swift in Sources */,
				D2A95F842D1E7F7A00517FB3 /* ListFormattingView.swift in Sources */,
				D2ABF2B62D2CFB05004CE3AE /* IntegrateCameraView.swift in Sources */,
				D2ABF2BA2D2CFDE7004CE3AE /* PhotoCaptureView.swift in Sources */,
				D2ABF2B82D2CFBB7004CE3AE /* ImagePicker.swift in Sources */,
				D20BD86B2D1D479C00AF4BD3 /* WrapHstackInMultipleLinesView.swift in Sources */,
				D28775932D26357900ABF188 /* NavigationDestinationView.swift in Sources */,
				D2ABF2A82D2BB208004CE3AE /* OpenMultipleSheetsView.swift in Sources */,
				D287756B2D225DC400ABF188 /* OptionalBindingsView.swift in Sources */,
				D28775952D26375800ABF188 /* UnwindNavigationView.swift in Sources */,
				D287755D2D22584000ABF188 /* PassDataFromChildToParentUsingBindingView.swift in Sources */,
				D20BD84D2D1581E800AF4BD3 /* ChangeBackgroundColorListView.swift in Sources */,
				D28775882D25532B00ABF188 /* Stock.swift in Sources */,
				D2A95F8B2D1E836700517FB3 /* DragView.swift in Sources */,
				D20BD8572D158CD500AF4BD3 /* SwipeActionListView.swift in Sources */,
				D287759D2D264ACD00ABF188 /* PaginationView.swift in Sources */,
				D28775782D22650F00ABF188 /* DisplayImageView.swift in Sources */,
				D2A95F822D1E7E6100517FB3 /* DateFormattingView.swift in Sources */,
				D20BD8462D14099800AF4BD3 /* AddRemoveMoveItemsListView.swift in Sources */,
				D2A95F892D1E827900517FB3 /* RotateView.swift in Sources */,
				D28775A12D264D3900ABF188 /* ProgrammaticNavigationInNavigationStackView.swift in Sources */,
				D20BD85D2D19339A00AF4BD3 /* InfiniteScrollableListView.swift in Sources */,
				D20BD8482D1410D700AF4BD3 /* RemoveSeparateStyleListView.swift in Sources */,
				D20BD8592D192F9600AF4BD3 /* SelectMultipleItemsListView.swift in Sources */,
				D20BD8612D19383A00AF4BD3 /* RadioButtonsListView.swift in Sources */,
				D2A95F8D2D1E84FF00517FB3 /* 3DRotationView.swift in Sources */,
				D287758A2D25559C00ABF188 /* RatingView.swift in Sources */,
				D2ABF2B32D2CF9BD004CE3AE /* EnumSegmentedControlView.swift in Sources */,
				D2ABF2A12D2BAC3E004CE3AE /* PreviewSettingsView.swift in Sources */,
				D28775972D26482500ABF188 /* ToolbarItemsView.swift in Sources */,
				D28775602D22588800ABF188 /* AddItemView.swift in Sources */,
				D287756D2D225E8100ABF188 /* OnChangeModifierView.swift in Sources */,
				D287758F2D2633DA00ABF188 /* NavigationLinkView.swift in Sources */,
				D28775912D2634BC00ABF188 /* PassToDetailViewFromListView.swift in Sources */,
				D2A95F872D1E809500517FB3 /* MagnifyView.swift in Sources */,
				D2C0D0CC2D2FBEAF0062736B /* SimpleMapView.swift in Sources */,
				D20BD84A2D14114E00AF4BD3 /* GroupedListView.swift in Sources */,
				D2ABF2A62D2BB059004CE3AE /* AddItemSheetView.swift in Sources */,
				D20BD8442D1407FE00AF4BD3 /* AlternateRowStyleListView.swift in Sources */,
				D28775692D225BD800ABF188 /* Counter.swift in Sources */,
				D20BD8512D1584B900AF4BD3 /* SearchAndFilterResultsListView.swift in Sources */,
				D20BD84F2D1583BF00AF4BD3 /* PullToRefreshListView.swift in Sources */,
				D287756F2D2261CB00ABF188 /* OnReceiveModifier.swift in Sources */,
				D20BD8692D1D3F6700AF4BD3 /* HeroAnimationUsingMatchedGeometryEffectGridView.swift in Sources */,
				D20BD8552D158B2700AF4BD3 /* AutoScrollToAParticularSectionListView.swift in Sources */,
				D287757A2D22668000ABF188 /* AppStorageView.swift in Sources */,
				D287759B2D2649BD00ABF188 /* ColorNavigationBarView.swift in Sources */,
				D28775672D225B4800ABF188 /* RedCounterView.swift in Sources */,
				D20BD85B2D1930A500AF4BD3 /* CollapsibleHeadersListView.swift in Sources */,
				D28775652D225B4100ABF188 /* GreenCounterView.swift in Sources */,
				D2ABF2B12D2CF8E5004CE3AE /* SegmentedControlView.swift in Sources */,
				D20BD8672D1D3CC600AF4BD3 /* StickyHeaderGridView.swift in Sources */,
				D28775832D25504000ABF188 /* LineGraphView.swift in Sources */,
				D20BD8422D14058A00AF4BD3 /* SimpleListView.swift in Sources */,
				D2ABF2AD2D2CF1E7004CE3AE /* SingleColumnPickerView.swift in Sources */,
				D287758C2D255D6B00ABF188 /* BlurEffectsView.swift in Sources */,
				D28775762D22640600ABF188 /* URLImageView.swift in Sources */,
				D28775742D22635000ABF188 /* ImageLoader.swift in Sources */,
			);
			runOnlyForDeploymentPostprocessing = 0;
		};
/* End PBXSourcesBuildPhase section */

/* Begin XCBuildConfiguration section */
		D20BD83B2D13FF3400AF4BD3 /* Debug */ = {
			isa = XCBuildConfiguration;
			buildSettings = {
				ALWAYS_SEARCH_USER_PATHS = NO;
				ASSETCATALOG_COMPILER_GENERATE_SWIFT_ASSET_SYMBOL_EXTENSIONS = YES;
				CLANG_ANALYZER_NONNULL = YES;
				CLANG_ANALYZER_NUMBER_OBJECT_CONVERSION = YES_AGGRESSIVE;
				CLANG_CXX_LANGUAGE_STANDARD = "gnu++20";
				CLANG_ENABLE_MODULES = YES;
				CLANG_ENABLE_OBJC_ARC = YES;
				CLANG_ENABLE_OBJC_WEAK = YES;
				CLANG_WARN_BLOCK_CAPTURE_AUTORELEASING = YES;
				CLANG_WARN_BOOL_CONVERSION = YES;
				CLANG_WARN_COMMA = YES;
				CLANG_WARN_CONSTANT_CONVERSION = YES;
				CLANG_WARN_DEPRECATED_OBJC_IMPLEMENTATIONS = YES;
				CLANG_WARN_DIRECT_OBJC_ISA_USAGE = YES_ERROR;
				CLANG_WARN_DOCUMENTATION_COMMENTS = YES;
				CLANG_WARN_EMPTY_BODY = YES;
				CLANG_WARN_ENUM_CONVERSION = YES;
				CLANG_WARN_INFINITE_RECURSION = YES;
				CLANG_WARN_INT_CONVERSION = YES;
				CLANG_WARN_NON_LITERAL_NULL_CONVERSION = YES;
				CLANG_WARN_OBJC_IMPLICIT_RETAIN_SELF = YES;
				CLANG_WARN_OBJC_LITERAL_CONVERSION = YES;
				CLANG_WARN_OBJC_ROOT_CLASS = YES_ERROR;
				CLANG_WARN_QUOTED_INCLUDE_IN_FRAMEWORK_HEADER = YES;
				CLANG_WARN_RANGE_LOOP_ANALYSIS = YES;
				CLANG_WARN_STRICT_PROTOTYPES = YES;
				CLANG_WARN_SUSPICIOUS_MOVE = YES;
				CLANG_WARN_UNGUARDED_AVAILABILITY = YES_AGGRESSIVE;
				CLANG_WARN_UNREACHABLE_CODE = YES;
				CLANG_WARN__DUPLICATE_METHOD_MATCH = YES;
				COPY_PHASE_STRIP = NO;
				DEBUG_INFORMATION_FORMAT = dwarf;
				ENABLE_STRICT_OBJC_MSGSEND = YES;
				ENABLE_TESTABILITY = YES;
				ENABLE_USER_SCRIPT_SANDBOXING = YES;
				GCC_C_LANGUAGE_STANDARD = gnu17;
				GCC_DYNAMIC_NO_PIC = NO;
				GCC_NO_COMMON_BLOCKS = YES;
				GCC_OPTIMIZATION_LEVEL = 0;
				GCC_PREPROCESSOR_DEFINITIONS = (
					"DEBUG=1",
					"$(inherited)",
				);
				GCC_WARN_64_TO_32_BIT_CONVERSION = YES;
				GCC_WARN_ABOUT_RETURN_TYPE = YES_ERROR;
				GCC_WARN_UNDECLARED_SELECTOR = YES;
				GCC_WARN_UNINITIALIZED_AUTOS = YES_AGGRESSIVE;
				GCC_WARN_UNUSED_FUNCTION = YES;
				GCC_WARN_UNUSED_VARIABLE = YES;
				IPHONEOS_DEPLOYMENT_TARGET = 17.5;
				LOCALIZATION_PREFERS_STRING_CATALOGS = YES;
				MTL_ENABLE_DEBUG_INFO = INCLUDE_SOURCE;
				MTL_FAST_MATH = YES;
				ONLY_ACTIVE_ARCH = YES;
				SDKROOT = iphoneos;
				SWIFT_ACTIVE_COMPILATION_CONDITIONS = "DEBUG $(inherited)";
				SWIFT_OPTIMIZATION_LEVEL = "-Onone";
			};
			name = Debug;
		};
		D20BD83C2D13FF3400AF4BD3 /* Release */ = {
			isa = XCBuildConfiguration;
			buildSettings = {
				ALWAYS_SEARCH_USER_PATHS = NO;
				ASSETCATALOG_COMPILER_GENERATE_SWIFT_ASSET_SYMBOL_EXTENSIONS = YES;
				CLANG_ANALYZER_NONNULL = YES;
				CLANG_ANALYZER_NUMBER_OBJECT_CONVERSION = YES_AGGRESSIVE;
				CLANG_CXX_LANGUAGE_STANDARD = "gnu++20";
				CLANG_ENABLE_MODULES = YES;
				CLANG_ENABLE_OBJC_ARC = YES;
				CLANG_ENABLE_OBJC_WEAK = YES;
				CLANG_WARN_BLOCK_CAPTURE_AUTORELEASING = YES;
				CLANG_WARN_BOOL_CONVERSION = YES;
				CLANG_WARN_COMMA = YES;
				CLANG_WARN_CONSTANT_CONVERSION = YES;
				CLANG_WARN_DEPRECATED_OBJC_IMPLEMENTATIONS = YES;
				CLANG_WARN_DIRECT_OBJC_ISA_USAGE = YES_ERROR;
				CLANG_WARN_DOCUMENTATION_COMMENTS = YES;
				CLANG_WARN_EMPTY_BODY = YES;
				CLANG_WARN_ENUM_CONVERSION = YES;
				CLANG_WARN_INFINITE_RECURSION = YES;
				CLANG_WARN_INT_CONVERSION = YES;
				CLANG_WARN_NON_LITERAL_NULL_CONVERSION = YES;
				CLANG_WARN_OBJC_IMPLICIT_RETAIN_SELF = YES;
				CLANG_WARN_OBJC_LITERAL_CONVERSION = YES;
				CLANG_WARN_OBJC_ROOT_CLASS = YES_ERROR;
				CLANG_WARN_QUOTED_INCLUDE_IN_FRAMEWORK_HEADER = YES;
				CLANG_WARN_RANGE_LOOP_ANALYSIS = YES;
				CLANG_WARN_STRICT_PROTOTYPES = YES;
				CLANG_WARN_SUSPICIOUS_MOVE = YES;
				CLANG_WARN_UNGUARDED_AVAILABILITY = YES_AGGRESSIVE;
				CLANG_WARN_UNREACHABLE_CODE = YES;
				CLANG_WARN__DUPLICATE_METHOD_MATCH = YES;
				COPY_PHASE_STRIP = NO;
				DEBUG_INFORMATION_FORMAT = "dwarf-with-dsym";
				ENABLE_NS_ASSERTIONS = NO;
				ENABLE_STRICT_OBJC_MSGSEND = YES;
				ENABLE_USER_SCRIPT_SANDBOXING = YES;
				GCC_C_LANGUAGE_STANDARD = gnu17;
				GCC_NO_COMMON_BLOCKS = YES;
				GCC_WARN_64_TO_32_BIT_CONVERSION = YES;
				GCC_WARN_ABOUT_RETURN_TYPE = YES_ERROR;
				GCC_WARN_UNDECLARED_SELECTOR = YES;
				GCC_WARN_UNINITIALIZED_AUTOS = YES_AGGRESSIVE;
				GCC_WARN_UNUSED_FUNCTION = YES;
				GCC_WARN_UNUSED_VARIABLE = YES;
				IPHONEOS_DEPLOYMENT_TARGET = 17.5;
				LOCALIZATION_PREFERS_STRING_CATALOGS = YES;
				MTL_ENABLE_DEBUG_INFO = NO;
				MTL_FAST_MATH = YES;
				SDKROOT = iphoneos;
				SWIFT_COMPILATION_MODE = wholemodule;
				VALIDATE_PRODUCT = YES;
			};
			name = Release;
		};
		D20BD83E2D13FF3400AF4BD3 /* Debug */ = {
			isa = XCBuildConfiguration;
			buildSettings = {
				ASSETCATALOG_COMPILER_APPICON_NAME = AppIcon;
				ASSETCATALOG_COMPILER_GLOBAL_ACCENT_COLOR_NAME = AccentColor;
				CODE_SIGN_STYLE = Automatic;
				CURRENT_PROJECT_VERSION = 1;
				DEVELOPMENT_ASSET_PATHS = "\"SwiftUI-Cookbook/Preview Content\"";
				DEVELOPMENT_TEAM = A4VS9W3DA9;
				ENABLE_PREVIEWS = YES;
				GENERATE_INFOPLIST_FILE = YES;
				INFOPLIST_KEY_UIApplicationSceneManifest_Generation = YES;
				INFOPLIST_KEY_UIApplicationSupportsIndirectInputEvents = YES;
				INFOPLIST_KEY_UILaunchScreen_Generation = YES;
				INFOPLIST_KEY_UISupportedInterfaceOrientations_iPad = "UIInterfaceOrientationPortrait UIInterfaceOrientationPortraitUpsideDown UIInterfaceOrientationLandscapeLeft UIInterfaceOrientationLandscapeRight";
				INFOPLIST_KEY_UISupportedInterfaceOrientations_iPhone = "UIInterfaceOrientationPortrait UIInterfaceOrientationLandscapeLeft UIInterfaceOrientationLandscapeRight";
				LD_RUNPATH_SEARCH_PATHS = (
					"$(inherited)",
					"@executable_path/Frameworks",
				);
				MARKETING_VERSION = 1.0;
				PRODUCT_BUNDLE_IDENTIFIER = "com.dj.www.SwiftUI-Cookbook";
				PRODUCT_NAME = "$(TARGET_NAME)";
				SWIFT_EMIT_LOC_STRINGS = YES;
				SWIFT_VERSION = 5.0;
				TARGETED_DEVICE_FAMILY = "1,2";
			};
			name = Debug;
		};
		D20BD83F2D13FF3400AF4BD3 /* Release */ = {
			isa = XCBuildConfiguration;
			buildSettings = {
				ASSETCATALOG_COMPILER_APPICON_NAME = AppIcon;
				ASSETCATALOG_COMPILER_GLOBAL_ACCENT_COLOR_NAME = AccentColor;
				CODE_SIGN_STYLE = Automatic;
				CURRENT_PROJECT_VERSION = 1;
				DEVELOPMENT_ASSET_PATHS = "\"SwiftUI-Cookbook/Preview Content\"";
				DEVELOPMENT_TEAM = A4VS9W3DA9;
				ENABLE_PREVIEWS = YES;
				GENERATE_INFOPLIST_FILE = YES;
				INFOPLIST_KEY_UIApplicationSceneManifest_Generation = YES;
				INFOPLIST_KEY_UIApplicationSupportsIndirectInputEvents = YES;
				INFOPLIST_KEY_UILaunchScreen_Generation = YES;
				INFOPLIST_KEY_UISupportedInterfaceOrientations_iPad = "UIInterfaceOrientationPortrait UIInterfaceOrientationPortraitUpsideDown UIInterfaceOrientationLandscapeLeft UIInterfaceOrientationLandscapeRight";
				INFOPLIST_KEY_UISupportedInterfaceOrientations_iPhone = "UIInterfaceOrientationPortrait UIInterfaceOrientationLandscapeLeft UIInterfaceOrientationLandscapeRight";
				LD_RUNPATH_SEARCH_PATHS = (
					"$(inherited)",
					"@executable_path/Frameworks",
				);
				MARKETING_VERSION = 1.0;
				PRODUCT_BUNDLE_IDENTIFIER = "com.dj.www.SwiftUI-Cookbook";
				PRODUCT_NAME = "$(TARGET_NAME)";
				SWIFT_EMIT_LOC_STRINGS = YES;
				SWIFT_VERSION = 5.0;
				TARGETED_DEVICE_FAMILY = "1,2";
			};
			name = Release;
		};
/* End XCBuildConfiguration section */

/* Begin XCConfigurationList section */
		D20BD82A2D13FF3100AF4BD3 /* Build configuration list for PBXProject "SwiftUI-Cookbook" */ = {
			isa = XCConfigurationList;
			buildConfigurations = (
				D20BD83B2D13FF3400AF4BD3 /* Debug */,
				D20BD83C2D13FF3400AF4BD3 /* Release */,
			);
			defaultConfigurationIsVisible = 0;
			defaultConfigurationName = Release;
		};
		D20BD83D2D13FF3400AF4BD3 /* Build configuration list for PBXNativeTarget "SwiftUI-Cookbook" */ = {
			isa = XCConfigurationList;
			buildConfigurations = (
				D20BD83E2D13FF3400AF4BD3 /* Debug */,
				D20BD83F2D13FF3400AF4BD3 /* Release */,
			);
			defaultConfigurationIsVisible = 0;
			defaultConfigurationName = Release;
		};
/* End XCConfigurationList section */
	};
	rootObject = D20BD8272D13FF3100AF4BD3 /* Project object */;
}
